
Microsoft Visual Studio Solution File, Format Version 12.00
# Visual Studio Version 16
VisualStudioVersion = 16.0.29709.97
MinimumVisualStudioVersion = 10.0.40219.1
Project("{FAE04EC0-301F-11D3-BF4B-00C04F79EFBC}") = "TP4", "TP4\TP4.csproj", "{9602AB6D-2391-4A43-B239-B899FECE4793}"
EndProject
Project("{FAE04EC0-301F-11D3-BF4B-00C04F79EFBC}") = "Entities", "Entities\Entities.csproj", "{652458C1-9F48-4E17-80A0-F9595EA6C961}"
EndProject
Project("{FAE04EC0-301F-11D3-BF4B-00C04F79EFBC}") = "ClasseADO", "ClasseADO\ClasseADO.csproj", "{12ED2DA8-215F-46FE-907B-96272222C27D}"
EndProject
Global
	GlobalSection(SolutionConfigurationPlatforms) = preSolution
		Debug|Any CPU = Debug|Any CPU
		Release|Any CPU = Release|Any CPU
	EndGlobalSection
	GlobalSection(ProjectConfigurationPlatforms) = postSolution
		{9602AB6D-2391-4A43-B239-B899FECE4793}.Debug|Any CPU.ActiveCfg = Debug|Any CPU
		{9602AB6D-2391-4A43-B239-B899FECE4793}.Debug|Any CPU.Build.0 = Debug|Any CPU
		{9602AB6D-2391-4A43-B239-B899FECE4793}.Release|Any CPU.ActiveCfg = Release|Any CPU
		{9602AB6D-2391-4A43-B239-B899FECE4793}.Release|Any CPU.Build.0 = Release|Any CPU
		{652458C1-9F48-4E17-80A0-F9595EA6C961}.Debug|Any CPU.ActiveCfg = Debug|Any CPU
		{652458C1-9F48-4E17-80A0-F9595EA6C961}.Debug|Any CPU.Build.0 = Debug|Any CPU
		{652458C1-9F48-4E17-80A0-F9595EA6C961}.Release|Any CPU.ActiveCfg = Release|Any CPU
		{652458C1-9F48-4E17-80A0-F9595EA6C961}.Release|Any CPU.Build.0 = Release|Any CPU
		{12ED2DA8-215F-46FE-907B-96272222C27D}.Debug|Any CPU.ActiveCfg = Debug|Any CPU
		{12ED2DA8-215F-46FE-907B-96272222C27D}.Debug|Any CPU.Build.0 = Debug|Any CPU
		{12ED2DA8-215F-46FE-907B-96272222C27D}.Release|Any CPU.ActiveCfg = Release|Any CPU
		{12ED2DA8-215F-46FE-907B-96272222C27D}.Release|Any CPU.Build.0 = Release|Any CPU
	EndGlobalSection
	GlobalSection(SolutionProperties) = preSolution
		HideSolutionNode = FALSE
	EndGlobalSection
	GlobalSection(ExtensibilityGlobals) = postSolution
		SolutionGuid = {67079632-1613-470C-A501-727E13CAD398}
	EndGlobalSection
EndGlobal
